{
    "_meta": {
        "hash": {
            "sha256": "84f96dfb58d639a34df0a1957ba32b3b81f5ddb5b994ddcd2b01124acb0d3d00"
        },
        "pipfile-spec": 6,
        "requires": {
            "python_version": "3.7"
        },
        "sources": [
            {
                "name": "pypi",
                "url": "https://pypi.org/simple",
                "verify_ssl": true
            }
        ]
    },
    "default": {
        "certifi": {
            "hashes": [
                "sha256:0569859f95fc761b18b45ef421b1290a0f65f147e92a1e5eb3e635f9a5e4e66f",
                "sha256:dc383c07b76109f368f6106eee2b593b04a011ea4d55f652c6ca24a754d1cdd1"
            ],
            "markers": "python_version >= '3.6'",
            "version": "==2024.2.2"
        },
        "colorama": {
            "hashes": [
                "sha256:08695f5cb7ed6e0531a20572697297273c47b8cae5a63ffc6d6ed5c201be6e44",
                "sha256:4f1d9991f5acc0ca119f9d443620b77f9d6b33703e51011c16baf57afb285fc6"
            ],
            "markers": "platform_system == 'Windows'",
            "version": "==0.4.6"
        },
        "numpy": {
            "hashes": [
                "sha256:1dbe1c91269f880e364526649a52eff93ac30035507ae980d2fed33aaee633ac",
                "sha256:357768c2e4451ac241465157a3e929b265dfac85d9214074985b1786244f2ef3",
                "sha256:3820724272f9913b597ccd13a467cc492a0da6b05df26ea09e78b171a0bb9da6",
                "sha256:4391bd07606be175aafd267ef9bea87cf1b8210c787666ce82073b05f202add1",
                "sha256:4aa48afdce4660b0076a00d80afa54e8a97cd49f457d68a4342d188a09451c1a",
                "sha256:58459d3bad03343ac4b1b42ed14d571b8743dc80ccbf27444f266729df1d6f5b",
                "sha256:5c3c8def4230e1b959671eb959083661b4a0d2e9af93ee339c7dada6759a9470",
                "sha256:5f30427731561ce75d7048ac254dbe47a2ba576229250fb60f0fb74db96501a1",
                "sha256:643843bcc1c50526b3a71cd2ee561cf0d8773f062c8cbaf9ffac9fdf573f83ab",
                "sha256:67c261d6c0a9981820c3a149d255a76918278a6b03b6a036800359aba1256d46",
                "sha256:67f21981ba2f9d7ba9ade60c9e8cbaa8cf8e9ae51673934480e45cf55e953673",
                "sha256:6aaf96c7f8cebc220cdfc03f1d5a31952f027dda050e5a703a0d1c396075e3e7",
                "sha256:7c4068a8c44014b2d55f3c3f574c376b2494ca9cc73d2f1bd692382b6dffe3db",
                "sha256:7c7e5fa88d9ff656e067876e4736379cc962d185d5cd808014a8a928d529ef4e",
                "sha256:7f5ae4f304257569ef3b948810816bc87c9146e8c446053539947eedeaa32786",
                "sha256:82691fda7c3f77c90e62da69ae60b5ac08e87e775b09813559f8901a88266552",
                "sha256:8737609c3bbdd48e380d463134a35ffad3b22dc56295eff6f79fd85bd0eeeb25",
                "sha256:9f411b2c3f3d76bba0865b35a425157c5dcf54937f82bbeb3d3c180789dd66a6",
                "sha256:a6be4cb0ef3b8c9250c19cc122267263093eee7edd4e3fa75395dfda8c17a8e2",
                "sha256:bcb238c9c96c00d3085b264e5c1a1207672577b93fa666c3b14a45240b14123a",
                "sha256:bf2ec4b75d0e9356edea834d1de42b31fe11f726a81dfb2c2112bc1eaa508fcf",
                "sha256:d136337ae3cc69aa5e447e78d8e1514be8c3ec9b54264e680cf0b4bd9011574f",
                "sha256:d4bf4d43077db55589ffc9009c0ba0a94fa4908b9586d6ccce2e0b164c86303c",
                "sha256:d6a96eef20f639e6a97d23e57dd0c1b1069a7b4fd7027482a4c5c451cd7732f4",
                "sha256:d9caa9d5e682102453d96a0ee10c7241b72859b01a941a397fd965f23b3e016b",
                "sha256:dd1c8f6bd65d07d3810b90d02eba7997e32abbdf1277a481d698969e921a3be0",
                "sha256:e31f0bb5928b793169b87e3d1e070f2342b22d5245c755e2b81caa29756246c3",
                "sha256:ecb55251139706669fdec2ff073c98ef8e9a84473e51e716211b41aa0f18e656",
                "sha256:ee5ec40fdd06d62fe5d4084bef4fd50fd4bb6bfd2bf519365f569dc470163ab0",
                "sha256:f17e562de9edf691a42ddb1eb4a5541c20dd3f9e65b09ded2beb0799c0cf29bb",
                "sha256:fdffbfb6832cd0b300995a2b08b8f6fa9f6e856d562800fea9182316d99c4e8e"
            ],
            "markers": "python_version < '3.11' and python_version >= '3.7'",
            "version": "==1.21.6"
        },
        "pandas": {
            "hashes": [
                "sha256:071e42b89b57baa17031af8c6b6bbd2e9a5c68c595bc6bf9adabd7a9ed125d3b",
                "sha256:17450e25ae69e2e6b303817bdf26b2cd57f69595d8550a77c308be0cd0fd58fa",
                "sha256:17916d818592c9ec891cbef2e90f98cc85e0f1e89ed0924c9b5220dc3209c846",
                "sha256:2538f099ab0e9f9c9d09bbcd94b47fd889bad06dc7ae96b1ed583f1dc1a7a822",
                "sha256:366f30710172cb45a6b4f43b66c220653b1ea50303fbbd94e50571637ffb9167",
                "sha256:42e5ad741a0d09232efbc7fc648226ed93306551772fc8aecc6dce9f0e676794",
                "sha256:4e718e7f395ba5bfe8b6f6aaf2ff1c65a09bb77a36af6394621434e7cc813204",
                "sha256:4f919f409c433577a501e023943e582c57355d50a724c589e78bc1d551a535a2",
                "sha256:4fe0d7e6438212e839fc5010c78b822664f1a824c0d263fd858f44131d9166e2",
                "sha256:5149a6db3e74f23dc3f5a216c2c9ae2e12920aa2d4a5b77e44e5b804a5f93248",
                "sha256:627594338d6dd995cfc0bacd8e654cd9e1252d2a7c959449228df6740d737eb8",
                "sha256:83c702615052f2a0a7fb1dd289726e29ec87a27272d775cb77affe749cca28f8",
                "sha256:8c872f7fdf3018b7891e1e3e86c55b190e6c5cee70cab771e8f246c855001296",
                "sha256:90f116086063934afd51e61a802a943826d2aac572b2f7d55caaac51c13db5b5",
                "sha256:a3352bacac12e1fc646213b998bce586f965c9d431773d9e91db27c7c48a1f7d",
                "sha256:bcdd06007cca02d51350f96debe51331dec429ac8f93930a43eb8fb5639e3eb5",
                "sha256:c1bd07ebc15285535f61ddd8c0c75d0d6293e80e1ee6d9a8d73f3f36954342d0",
                "sha256:c9a4b7c55115eb278c19aa14b34fcf5920c8fe7797a09b7b053ddd6195ea89b3",
                "sha256:cc8fc0c7a8d5951dc738f1c1447f71c43734244453616f32b8aa0ef6013a5dfb",
                "sha256:d7b460bc316064540ce0c41c1438c416a40746fd8a4fb2999668bf18f3c4acf1"
            ],
            "index": "pypi",
            "markers": "python_version >= '2.7' and python_version not in '3.0, 3.1, 3.2, 3.3, 3.4'",
            "version": "==0.24.2"
        },
        "pyproj": {
            "hashes": [
                "sha256:00ec0cdd218cc8e7c823a9fe7c705b1e55926fe3a9460ef2048403757f9897ec",
                "sha256:19e6a7c6d31624b9971639036679fad35460045fd99c0c484899134b6bbf84cc",
                "sha256:28026ddf4d779e6bcbbd45954a0ca017348d819f27deb503e860be4eb88f5218",
                "sha256:40ed2a66d93af811abac9fd2581685a2aade22a6753501f2f9760893ee6b0828",
                "sha256:4a936093825ff55b24c1fc6cc093541fcf6d0f6d406589ed699e62048ebf3877",
                "sha256:50d312cb7610f93f02f07b7da5b96469c52645717bebe6530ac7214cc69c068e",
                "sha256:604e8041ee0a17eec0fac4e7e10b2f11f45ab49676a4f26eb63753ebb9ba38b0",
                "sha256:76dd8a9dbd67a42e5ab8afe0e4a4167f0dfcd8f07e12541852c5289abf49e28f",
                "sha256:8a732342136fa57112de717109c2b853a4df3e4e2de56e42da7a2b61e67f0b29",
                "sha256:8cf6f7c62a7c4144771a330381198e53bff782c0345af623b8989b1913acb919",
                "sha256:8e6821a472f03e3604413b562536e05cb7926c3bd85bfc423c88c4909871f692",
                "sha256:b73973908688a0845ebd78871ed2edcca35d1fad8e90983a416a49aadb350f28",
                "sha256:b87eda8647d71f27ed81c43da9d8e0b841a403378b645e8dc1d015e9f5133ed1",
                "sha256:c5fb6283da84be5dc909f3f681490fd43de1b3694e9b5bed1ca7bc875130cb93",
                "sha256:c7d7097b969c7a3f114fcce379021e59c843c1c7b1b9b3f1bb2aa65019793800",
                "sha256:ce554616880ab59110af9baa2948b4442d2961e20390df00cea49782b7c779fe",
                "sha256:d355ddf4cb29e77cb38e152354fb6ef6796d699d37e1a67a2427890ce2341162",
                "sha256:e61c34b1b5a6b8df2ecf5abdbf8dd69322001ebc1971d0897919e4004512c476",
                "sha256:f2eb0ee7e4183c1c4e2f450cccff09734b59ff929619bad3a4df97a87e3a3d1f",
                "sha256:faadb5795e99321b5135263080348e184b927352c6331a06c2fcfe77a07ad215"
            ],
            "index": "pypi",
            "markers": "python_version >= '3.7'",
            "version": "==3.2.1"
        },
        "python-dateutil": {
            "hashes": [
                "sha256:37dd54208da7e1cd875388217d5e00ebd4179249f90fb72437e91a35459a0ad3",
                "sha256:a8b2bc7bffae282281c8140a97d3aa9c14da0b136dfe83f850eea9a5f7470427"
            ],
            "markers": "python_version >= '2.7' and python_version not in '3.0, 3.1, 3.2, 3.3'",
            "version": "==2.9.0.post0"
        },
        "pytz": {
            "hashes": [
                "sha256:2a29735ea9c18baf14b448846bde5a48030ed267578472d8955cd0e7443a9812",
                "sha256:328171f4e3623139da4983451950b28e95ac706e13f3f2630a879749e7a8b319"
            ],
            "version": "==2024.1"
        },
        "shapely": {
            "hashes": [
                "sha256:083d026e97b6c1f4a9bd2a9171c7692461092ed5375218170d91705550eecfd5",
                "sha256:13cb37d3826972a82748a450328fe02a931dcaed10e69a4d83cc20ba021bc85f",
                "sha256:18bddb8c327f392189a8d5d6b9a858945722d0bb95ccbd6a077b8e8fc4c7890d",
                "sha256:27b6e1910094d93e9627f2664121e0e35613262fc037051680a08270f6058daf",
                "sha256:300d203b480a4589adefff4c4af0b13919cd6d760ba3cbb1e56275210f96f654",
                "sha256:31a40b6e3ab00a4fd3a1d44efb2482278642572b8e0451abdc8e0634b787173e",
                "sha256:42bceb9bceb3710a774ce04908fda0f28b291323da2688f928b3f213373b5aee",
                "sha256:442f4dcf1eb58c5a4e3428d88e988ae153f97ab69a9f24e07bf4af8038536325",
                "sha256:4d279e56bbb68d218d63f3efc80c819cedcceef0e64efbf058a1df89dc57201b",
                "sha256:4d65d0aa7910af71efa72fd6447e02a8e5dd44da81a983de9d736d6e6ccbe674",
                "sha256:5026b30433a70911979d390009261b8c4021ff87c7c3cbd825e62bb2ffa181bc",
                "sha256:54d925c9a311e4d109ec25f6a54a8bd92cc03481a34ae1a6a92c1fe6729b7e01",
                "sha256:56cee3e4e8159d6f2ce32e421445b8e23154fd02a0ac271d6a6c0b266a8e3cce",
                "sha256:58afbba12c42c6ed44c4270bc0e22f3dadff5656d711b0ad335c315e02d04707",
                "sha256:59b16976c2473fec85ce65cc9239bef97d4205ab3acead4e6cdcc72aee535679",
                "sha256:601c5c0058a6192df704cb889439f64994708563f57f99574798721e9777a44b",
                "sha256:619232c8276fded09527d2a9fd91a7885ff95c0ff9ecd5e3cb1e34fbb676e2ae",
                "sha256:64c5013dacd2d81b3bb12672098a0b2795c1bf8190cfc2980e380f5ef9d9e4d9",
                "sha256:6b464f2666b13902835f201f50e835f2f153f37741db88f68c7f3b932d3505fa",
                "sha256:6dfdc077a6fcaf74d3eab23a1ace5abc50c8bce56ac7747d25eab582c5a2990e",
                "sha256:6f555fe3304a1f40398977789bc4fe3c28a11173196df9ece1e15c5bc75a48db",
                "sha256:705efbce1950a31a55b1daa9c6ae1c34f1296de71ca8427974ec2f27d57554e3",
                "sha256:71b2de56a9e8c0e5920ae5ddb23b923490557ac50cb0b7fa752761bf4851acde",
                "sha256:71eb736ef2843f23473c6e37f6180f90f0a35d740ab284321548edf4e55d9a52",
                "sha256:881eb9dbbb4a6419667e91fcb20313bfc1e67f53dbb392c6840ff04793571ed1",
                "sha256:882fb1ffc7577e88c1194f4f1757e277dc484ba096a3b94844319873d14b0f2d",
                "sha256:88566d01a30f0453f7d038db46bc83ce125e38e47c5f6bfd4c9c287010e9bf74",
                "sha256:9302d7011e3e376d25acd30d2d9e70d315d93f03cc748784af19b00988fc30b1",
                "sha256:98040462b36ced9671e266b95c326b97f41290d9d17504a1ee4dc313a7667b9c",
                "sha256:99abad1fd1303b35d991703432c9481e3242b7b3a393c186cfb02373bf604004",
                "sha256:a983cc418c1fa160b7d797cfef0e0c9f8c6d5871e83eae2c5793fce6a837fad9",
                "sha256:af7e9abe180b189431b0f490638281b43b84a33a960620e6b2e8d3e3458b61a1",
                "sha256:b2a7d256db6f5b4b407dc0c98dd1b2fcf1c9c5814af9416e5498d0a2e4307a4b",
                "sha256:b9f2d93bff2ea52fa93245798cddb479766a18510ea9b93a4fb9755c79474889",
                "sha256:bd45d456983dc60a42c4db437496d3f08a4201fbf662b69779f535eb969660af",
                "sha256:c91981c99ade980fc49e41a544629751a0ccd769f39794ae913e53b07b2f78b9",
                "sha256:d8c2a2989222c6062f7a0656e16276c01bb308bc7e5d999e54bf4e294ce62e76",
                "sha256:e45f0c8cd4583647db3216d965d49363e6548c300c23fd7e57ce17a03f824034",
                "sha256:e86e7cb8e331a4850e0c2a8b2d66dc08d7a7b301b8d1d34a13060e3a5b4b3b55",
                "sha256:f10d2ccf0554fc0e39fad5886c839e47e207f99fdf09547bc687a2330efda35b",
                "sha256:f24ecbb90a45c962b3b60d8d9a387272ed50dc010bfe605f1d16dfc94772d8a1"
            ],
            "index": "pypi",
            "markers": "python_version >= '3.7'",
            "version": "==2.0.3"
        },
        "six": {
            "hashes": [
                "sha256:1e61c37477a1626458e36f7b1d82aa5c9b094fa4802892072e49de9c60c4c926",
                "sha256:8abb2f1d86890a2dfb989f9a77cfcfd3e47c2a354b01111771326f8aa26e0254"
            ],
            "markers": "python_version >= '2.7' and python_version not in '3.0, 3.1, 3.2, 3.3'",
            "version": "==1.16.0"
        },
        "tqdm": {
            "hashes": [
                "sha256:1ee4f8a893eb9bef51c6e35730cebf234d5d0b6bd112b0271e10ed7c24a02bd9",
                "sha256:6cd52cdf0fef0e0f543299cfc96fec90d7b8a7e88745f411ec33eb44d5ed3531"
            ],
            "index": "pypi",
            "markers": "python_version >= '3.7'",
            "version": "==4.66.2"
        }
    },
    "develop": {}
}
